// !$*UTF8*$!
{
	archiveVersion = 1;
	classes = {
	};
	objectVersion = 46;
	objects = {

/* Begin PBXBuildFile section */
		204C4754148AF7A40039CB7D /* CoreFunctions.m in Sources */ = {isa = PBXBuildFile; fileRef = 204C4753148AF7A40039CB7D /* CoreFunctions.m */; };
		204C4757148AFFC50039CB7D /* AVFoundation.framework in Frameworks */ = {isa = PBXBuildFile; fileRef = 204C4756148AFFC50039CB7D /* AVFoundation.framework */; };
		204C475B148B15760039CB7D /* sound.mp3 in Resources */ = {isa = PBXBuildFile; fileRef = 204C475A148B15760039CB7D /* sound.mp3 */; };
		38C9C14114874D7900300050 /* UIKit.framework in Frameworks */ = {isa = PBXBuildFile; fileRef = 38C9C14014874D7900300050 /* UIKit.framework */; };
		38C9C14314874D7900300050 /* Foundation.framework in Frameworks */ = {isa = PBXBuildFile; fileRef = 38C9C14214874D7900300050 /* Foundation.framework */; };
		38C9C14514874D7900300050 /* CoreGraphics.framework in Frameworks */ = {isa = PBXBuildFile; fileRef = 38C9C14414874D7900300050 /* CoreGraphics.framework */; };
		38C9C14B14874D7900300050 /* InfoPlist.strings in Resources */ = {isa = PBXBuildFile; fileRef = 38C9C14914874D7900300050 /* InfoPlist.strings */; };
		38C9C14D14874D7900300050 /* main.m in Sources */ = {isa = PBXBuildFile; fileRef = 38C9C14C14874D7900300050 /* main.m */; };
		38C9C15114874D7900300050 /* AppDelegate.m in Sources */ = {isa = PBXBuildFile; fileRef = 38C9C15014874D7900300050 /* AppDelegate.m */; };
		38C9C15414874D7900300050 /* MainStoryboard.storyboard in Resources */ = {isa = PBXBuildFile; fileRef = 38C9C15214874D7900300050 /* MainStoryboard.storyboard */; };
		38C9C15714874D7900300050 /* FirstViewController.m in Sources */ = {isa = PBXBuildFile; fileRef = 38C9C15614874D7900300050 /* FirstViewController.m */; };
		38C9C15914874D7900300050 /* first.png in Resources */ = {isa = PBXBuildFile; fileRef = 38C9C15814874D7900300050 /* first.png */; };
		38C9C15B14874D7900300050 /* first@2x.png in Resources */ = {isa = PBXBuildFile; fileRef = 38C9C15A14874D7900300050 /* first@2x.png */; };
		38C9C15E14874D7900300050 /* SecondViewController.m in Sources */ = {isa = PBXBuildFile; fileRef = 38C9C15D14874D7900300050 /* SecondViewController.m */; };
		38C9C16014874D7900300050 /* second.png in Resources */ = {isa = PBXBuildFile; fileRef = 38C9C15F14874D7900300050 /* second.png */; };
		38C9C16214874D7900300050 /* second@2x.png in Resources */ = {isa = PBXBuildFile; fileRef = 38C9C16114874D7900300050 /* second@2x.png */; };
		38C9C16A14874D7900300050 /* SenTestingKit.framework in Frameworks */ = {isa = PBXBuildFile; fileRef = 38C9C16914874D7900300050 /* SenTestingKit.framework */; };
		38C9C16B14874D7900300050 /* UIKit.framework in Frameworks */ = {isa = PBXBuildFile; fileRef = 38C9C14014874D7900300050 /* UIKit.framework */; };
		38C9C16C14874D7900300050 /* Foundation.framework in Frameworks */ = {isa = PBXBuildFile; fileRef = 38C9C14214874D7900300050 /* Foundation.framework */; };
		38C9C17414874D7900300050 /* InfoPlist.strings in Resources */ = {isa = PBXBuildFile; fileRef = 38C9C17214874D7900300050 /* InfoPlist.strings */; };
		38C9C17714874D7900300050 /* recAppTests.m in Sources */ = {isa = PBXBuildFile; fileRef = 38C9C17614874D7900300050 /* recAppTests.m */; };
/* End PBXBuildFile section */

/* Begin PBXContainerItemProxy section */
		38C9C16D14874D7900300050 /* PBXContainerItemProxy */ = {
			isa = PBXContainerItemProxy;
			containerPortal = 38C9C13314874D7900300050 /* Project object */;
			proxyType = 1;
			remoteGlobalIDString = 38C9C13B14874D7900300050;
			remoteInfo = recApp;
		};
/* End PBXContainerItemProxy section */

/* Begin PBXFileReference section */
		204C4752148AF7A40039CB7D /* CoreFunctions.h */ = {isa = PBXFileReference; fileEncoding = 4; lastKnownFileType = sourcecode.c.h; path = CoreFunctions.h; sourceTree = "<group>"; };
		204C4753148AF7A40039CB7D /* CoreFunctions.m */ = {isa = PBXFileReference; fileEncoding = 4; lastKnownFileType = sourcecode.c.objc; path = CoreFunctions.m; sourceTree = "<group>"; };
		204C4756148AFFC50039CB7D /* AVFoundation.framework */ = {isa = PBXFileReference; lastKnownFileType = wrapper.framework; name = AVFoundation.framework; path = System/Library/Frameworks/AVFoundation.framework; sourceTree = SDKROOT; };
		204C475A148B15760039CB7D /* sound.mp3 */ = {isa = PBXFileReference; lastKnownFileType = audio.mp3; path = sound.mp3; sourceTree = "<group>"; };
		38C9C13C14874D7900300050 /* recApp.app */ = {isa = PBXFileReference; explicitFileType = wrapper.application; includeInIndex = 0; path = recApp.app; sourceTree = BUILT_PRODUCTS_DIR; };
		38C9C14014874D7900300050 /* UIKit.framework */ = {isa = PBXFileReference; lastKnownFileType = wrapper.framework; name = UIKit.framework; path = System/Library/Frameworks/UIKit.framework; sourceTree = SDKROOT; };
		38C9C14214874D7900300050 /* Foundation.framework */ = {isa = PBXFileReference; lastKnownFileType = wrapper.framework; name = Foundation.framework; path = System/Library/Frameworks/Foundation.framework; sourceTree = SDKROOT; };
		38C9C14414874D7900300050 /* CoreGraphics.framework */ = {isa = PBXFileReference; lastKnownFileType = wrapper.framework; name = CoreGraphics.framework; path = System/Library/Frameworks/CoreGraphics.framework; sourceTree = SDKROOT; };
		38C9C14814874D7900300050 /* recApp-Info.plist */ = {isa = PBXFileReference; lastKnownFileType = text.plist.xml; path = "recApp-Info.plist"; sourceTree = "<group>"; };
		38C9C14A14874D7900300050 /* en */ = {isa = PBXFileReference; lastKnownFileType = text.plist.strings; name = en; path = en.lproj/InfoPlist.strings; sourceTree = "<group>"; };
		38C9C14C14874D7900300050 /* main.m */ = {isa = PBXFileReference; lastKnownFileType = sourcecode.c.objc; path = main.m; sourceTree = "<group>"; };
		38C9C14E14874D7900300050 /* recApp-Prefix.pch */ = {isa = PBXFileReference; lastKnownFileType = sourcecode.c.h; path = "recApp-Prefix.pch"; sourceTree = "<group>"; };
		38C9C14F14874D7900300050 /* AppDelegate.h */ = {isa = PBXFileReference; lastKnownFileType = sourcecode.c.h; path = AppDelegate.h; sourceTree = "<group>"; };
		38C9C15014874D7900300050 /* AppDelegate.m */ = {isa = PBXFileReference; lastKnownFileType = sourcecode.c.objc; path = AppDelegate.m; sourceTree = "<group>"; };
		38C9C15314874D7900300050 /* en */ = {isa = PBXFileReference; lastKnownFileType = file.storyboard; name = en; path = en.lproj/MainStoryboard.storyboard; sourceTree = "<group>"; };
		38C9C15514874D7900300050 /* FirstViewController.h */ = {isa = PBXFileReference; lastKnownFileType = sourcecode.c.h; path = FirstViewController.h; sourceTree = "<group>"; };
		38C9C15614874D7900300050 /* FirstViewController.m */ = {isa = PBXFileReference; lastKnownFileType = sourcecode.c.objc; path = FirstViewController.m; sourceTree = "<group>"; };
		38C9C15814874D7900300050 /* first.png */ = {isa = PBXFileReference; lastKnownFileType = image.png; path = first.png; sourceTree = "<group>"; };
		38C9C15A14874D7900300050 /* first@2x.png */ = {isa = PBXFileReference; lastKnownFileType = image.png; path = "first@2x.png"; sourceTree = "<group>"; };
		38C9C15C14874D7900300050 /* SecondViewController.h */ = {isa = PBXFileReference; lastKnownFileType = sourcecode.c.h; path = SecondViewController.h; sourceTree = "<group>"; };
		38C9C15D14874D7900300050 /* SecondViewController.m */ = {isa = PBXFileReference; lastKnownFileType = sourcecode.c.objc; path = SecondViewController.m; sourceTree = "<group>"; };
		38C9C15F14874D7900300050 /* second.png */ = {isa = PBXFileReference; lastKnownFileType = image.png; path = second.png; sourceTree = "<group>"; };
		38C9C16114874D7900300050 /* second@2x.png */ = {isa = PBXFileReference; lastKnownFileType = image.png; path = "second@2x.png"; sourceTree = "<group>"; };
		38C9C16814874D7900300050 /* recAppTests.octest */ = {isa = PBXFileReference; explicitFileType = wrapper.cfbundle; includeInIndex = 0; path = recAppTests.octest; sourceTree = BUILT_PRODUCTS_DIR; };
		38C9C16914874D7900300050 /* SenTestingKit.framework */ = {isa = PBXFileReference; lastKnownFileType = wrapper.framework; name = SenTestingKit.framework; path = Library/Frameworks/SenTestingKit.framework; sourceTree = DEVELOPER_DIR; };
		38C9C17114874D7900300050 /* recAppTests-Info.plist */ = {isa = PBXFileReference; lastKnownFileType = text.plist.xml; path = "recAppTests-Info.plist"; sourceTree = "<group>"; };
		38C9C17314874D7900300050 /* en */ = {isa = PBXFileReference; lastKnownFileType = text.plist.strings; name = en; path = en.lproj/InfoPlist.strings; sourceTree = "<group>"; };
		38C9C17514874D7900300050 /* recAppTests.h */ = {isa = PBXFileReference; lastKnownFileType = sourcecode.c.h; path = recAppTests.h; sourceTree = "<group>"; };
		38C9C17614874D7900300050 /* recAppTests.m */ = {isa = PBXFileReference; lastKnownFileType = sourcecode.c.objc; path = recAppTests.m; sourceTree = "<group>"; };
/* End PBXFileReference section */

/* Begin PBXFrameworksBuildPhase section */
		38C9C13914874D7900300050 /* Frameworks */ = {
			isa = PBXFrameworksBuildPhase;
			buildActionMask = 2147483647;
			files = (
				204C4757148AFFC50039CB7D /* AVFoundation.framework in Frameworks */,
				38C9C14114874D7900300050 /* UIKit.framework in Frameworks */,
				38C9C14314874D7900300050 /* Foundation.framework in Frameworks */,
				38C9C14514874D7900300050 /* CoreGraphics.framework in Frameworks */,
			);
			runOnlyForDeploymentPostprocessing = 0;
		};
		38C9C16414874D7900300050 /* Frameworks */ = {
			isa = PBXFrameworksBuildPhase;
			buildActionMask = 2147483647;
			files = (
				38C9C16A14874D7900300050 /* SenTestingKit.framework in Frameworks */,
				38C9C16B14874D7900300050 /* UIKit.framework in Frameworks */,
				38C9C16C14874D7900300050 /* Foundation.framework in Frameworks */,
			);
			runOnlyForDeploymentPostprocessing = 0;
		};
/* End PBXFrameworksBuildPhase section */

/* Begin PBXGroup section */
		38C9C13114874D7900300050 = {
			isa = PBXGroup;
			children = (
				204C4756148AFFC50039CB7D /* AVFoundation.framework */,
				38C9C14614874D7900300050 /* recApp */,
				38C9C16F14874D7900300050 /* recAppTests */,
				38C9C13F14874D7900300050 /* Frameworks */,
				38C9C13D14874D7900300050 /* Products */,
			);
			sourceTree = "<group>";
		};
		38C9C13D14874D7900300050 /* Products */ = {
			isa = PBXGroup;
			children = (
				38C9C13C14874D7900300050 /* recApp.app */,
				38C9C16814874D7900300050 /* recAppTests.octest */,
			);
			name = Products;
			sourceTree = "<group>";
		};
		38C9C13F14874D7900300050 /* Frameworks */ = {
			isa = PBXGroup;
			children = (
				38C9C14014874D7900300050 /* UIKit.framework */,
				38C9C14214874D7900300050 /* Foundation.framework */,
				38C9C14414874D7900300050 /* CoreGraphics.framework */,
				38C9C16914874D7900300050 /* SenTestingKit.framework */,
			);
			name = Frameworks;
			sourceTree = "<group>";
		};
		38C9C14614874D7900300050 /* recApp */ = {
			isa = PBXGroup;
			children = (
				38C9C14F14874D7900300050 /* AppDelegate.h */,
				38C9C15014874D7900300050 /* AppDelegate.m */,
				204C475A148B15760039CB7D /* sound.mp3 */,
				38C9C15214874D7900300050 /* MainStoryboard.storyboard */,
				38C9C15514874D7900300050 /* FirstViewController.h */,
				38C9C15614874D7900300050 /* FirstViewController.m */,
				38C9C15814874D7900300050 /* first.png */,
				38C9C15A14874D7900300050 /* first@2x.png */,
				38C9C15C14874D7900300050 /* SecondViewController.h */,
				38C9C15D14874D7900300050 /* SecondViewController.m */,
				38C9C15F14874D7900300050 /* second.png */,
				38C9C16114874D7900300050 /* second@2x.png */,
				38C9C14714874D7900300050 /* Supporting Files */,
				204C4752148AF7A40039CB7D /* CoreFunctions.h */,
				204C4753148AF7A40039CB7D /* CoreFunctions.m */,
			);
			path = recApp;
			sourceTree = "<group>";
		};
		38C9C14714874D7900300050 /* Supporting Files */ = {
			isa = PBXGroup;
			children = (
				38C9C14814874D7900300050 /* recApp-Info.plist */,
				38C9C14914874D7900300050 /* InfoPlist.strings */,
				38C9C14C14874D7900300050 /* main.m */,
				38C9C14E14874D7900300050 /* recApp-Prefix.pch */,
			);
			name = "Supporting Files";
			sourceTree = "<group>";
		};
		38C9C16F14874D7900300050 /* recAppTests */ = {
			isa = PBXGroup;
			children = (
				38C9C17514874D7900300050 /* recAppTests.h */,
				38C9C17614874D7900300050 /* recAppTests.m */,
				38C9C17014874D7900300050 /* Supporting Files */,
			);
			path = recAppTests;
			sourceTree = "<group>";
		};
		38C9C17014874D7900300050 /* Supporting Files */ = {
			isa = PBXGroup;
			children = (
				38C9C17114874D7900300050 /* recAppTests-Info.plist */,
				38C9C17214874D7900300050 /* InfoPlist.strings */,
			);
			name = "Supporting Files";
			sourceTree = "<group>";
		};
/* End PBXGroup section */

/* Begin PBXNativeTarget section */
		38C9C13B14874D7900300050 /* recApp */ = {
			isa = PBXNativeTarget;
			buildConfigurationList = 38C9C17A14874D7900300050 /* Build configuration list for PBXNativeTarget "recApp" */;
			buildPhases = (
				38C9C13814874D7900300050 /* Sources */,
				38C9C13914874D7900300050 /* Frameworks */,
				38C9C13A14874D7900300050 /* Resources */,
			);
			buildRules = (
			);
			dependencies = (
			);
			name = recApp;
			productName = recApp;
			productReference = 38C9C13C14874D7900300050 /* recApp.app */;
			productType = "com.apple.product-type.application";
		};
		38C9C16714874D7900300050 /* recAppTests */ = {
			isa = PBXNativeTarget;
			buildConfigurationList = 38C9C17D14874D7900300050 /* Build configuration list for PBXNativeTarget "recAppTests" */;
			buildPhases = (
				38C9C16314874D7900300050 /* Sources */,
				38C9C16414874D7900300050 /* Frameworks */,
				38C9C16514874D7900300050 /* Resources */,
				38C9C16614874D7900300050 /* ShellScript */,
			);
			buildRules = (
			);
			dependencies = (
				38C9C16E14874D7900300050 /* PBXTargetDependency */,
			);
			name = recAppTests;
			productName = recAppTests;
			productReference = 38C9C16814874D7900300050 /* recAppTests.octest */;
			productType = "com.apple.product-type.bundle";
		};
/* End PBXNativeTarget section */

/* Begin PBXProject section */
		38C9C13314874D7900300050 /* Project object */ = {
			isa = PBXProject;
			attributes = {
				LastUpgradeCheck = 0420;
				ORGANIZATIONNAME = "University of Pennsylvania";
			};
			buildConfigurationList = 38C9C13614874D7900300050 /* Build configuration list for PBXProject "recApp" */;
			compatibilityVersion = "Xcode 3.2";
			developmentRegion = English;
			hasScannedForEncodings = 0;
			knownRegions = (
				en,
			);
			mainGroup = 38C9C13114874D7900300050;
			productRefGroup = 38C9C13D14874D7900300050 /* Products */;
			projectDirPath = "";
			projectRoot = "";
			targets = (
				38C9C13B14874D7900300050 /* recApp */,
				38C9C16714874D7900300050 /* recAppTests */,
			);
		};
/* End PBXProject section */

/* Begin PBXResourcesBuildPhase section */
		38C9C13A14874D7900300050 /* Resources */ = {
			isa = PBXResourcesBuildPhase;
			buildActionMask = 2147483647;
			files = (
				38C9C14B14874D7900300050 /* InfoPlist.strings in Resources */,
				38C9C15414874D7900300050 /* MainStoryboard.storyboard in Resources */,
				38C9C15914874D7900300050 /* first.png in Resources */,
				38C9C15B14874D7900300050 /* first@2x.png in Resources */,
				38C9C16014874D7900300050 /* second.png in Resources */,
				38C9C16214874D7900300050 /* second@2x.png in Resources */,
				204C475B148B15760039CB7D /* sound.mp3 in Resources */,
			);
			runOnlyForDeploymentPostprocessing = 0;
		};
		38C9C16514874D7900300050 /* Resources */ = {
			isa = PBXResourcesBuildPhase;
			buildActionMask = 2147483647;
			files = (
				38C9C17414874D7900300050 /* InfoPlist.strings in Resources */,
			);
			runOnlyForDeploymentPostprocessing = 0;
		};
/* End PBXResourcesBuildPhase section */

/* Begin PBXShellScriptBuildPhase section */
		38C9C16614874D7900300050 /* ShellScript */ = {
			isa = PBXShellScriptBuildPhase;
			buildActionMask = 2147483647;
			files = (
			);
			inputPaths = (
			);
			outputPaths = (
			);
			runOnlyForDeploymentPostprocessing = 0;
			shellPath = /bin/sh;
			shellScript = "# Run the unit tests in this test bundle.\n\"${SYSTEM_DEVELOPER_DIR}/Tools/RunUnitTests\"\n";
		};
/* End PBXShellScriptBuildPhase section */

/* Begin PBXSourcesBuildPhase section */
		38C9C13814874D7900300050 /* Sources */ = {
			isa = PBXSourcesBuildPhase;
			buildActionMask = 2147483647;
			files = (
				38C9C14D14874D7900300050 /* main.m in Sources */,
				38C9C15114874D7900300050 /* AppDelegate.m in Sources */,
				38C9C15714874D7900300050 /* FirstViewController.m in Sources */,
				38C9C15E14874D7900300050 /* SecondViewController.m in Sources */,
				204C4754148AF7A40039CB7D /* CoreFunctions.m in Sources */,
			);
			runOnlyForDeploymentPostprocessing = 0;
		};
		38C9C16314874D7900300050 /* Sources */ = {
			isa = PBXSourcesBuildPhase;
			buildActionMask = 2147483647;
			files = (
				38C9C17714874D7900300050 /* recAppTests.m in Sources */,
			);
			runOnlyForDeploymentPostprocessing = 0;
		};
/* End PBXSourcesBuildPhase section */

/* Begin PBXTargetDependency section */
		38C9C16E14874D7900300050 /* PBXTargetDependency */ = {
			isa = PBXTargetDependency;
			target = 38C9C13B14874D7900300050 /* recApp */;
			targetProxy = 38C9C16D14874D7900300050 /* PBXContainerItemProxy */;
		};
/* End PBXTargetDependency section */

/* Begin PBXVariantGroup section */
		38C9C14914874D7900300050 /* InfoPlist.strings */ = {
			isa = PBXVariantGroup;
			children = (
				38C9C14A14874D7900300050 /* en */,
			);
			name = InfoPlist.strings;
			sourceTree = "<group>";
		};
		38C9C15214874D7900300050 /* MainStoryboard.storyboard */ = {
			isa = PBXVariantGroup;
			children = (
				38C9C15314874D7900300050 /* en */,
			);
			name = MainStoryboard.storyboard;
			sourceTree = "<group>";
		};
		38C9C17214874D7900300050 /* InfoPlist.strings */ = {
			isa = PBXVariantGroup;
			children = (
				38C9C17314874D7900300050 /* en */,
			);
			name = InfoPlist.strings;
			sourceTree = "<group>";
		};
/* End PBXVariantGroup section */

/* Begin XCBuildConfiguration section */
		38C9C17814874D7900300050 /* Debug */ = {
			isa = XCBuildConfiguration;
			buildSettings = {
				ALWAYS_SEARCH_USER_PATHS = NO;
				ARCHS = "$(ARCHS_STANDARD_32_BIT)";
				CLANG_ENABLE_OBJC_ARC = YES;
				"CODE_SIGN_IDENTITY[sdk=iphoneos*]" = "iPhone Developer";
				COPY_PHASE_STRIP = NO;
				GCC_C_LANGUAGE_STANDARD = gnu99;
				GCC_DYNAMIC_NO_PIC = NO;
				GCC_OPTIMIZATION_LEVEL = 0;
				GCC_PREPROCESSOR_DEFINITIONS = (
					"DEBUG=1",
					"$(inherited)",
				);
				GCC_SYMBOLS_PRIVATE_EXTERN = NO;
				GCC_VERSION = com.apple.compilers.llvm.clang.1_0;
				GCC_WARN_ABOUT_MISSING_PROTOTYPES = YES;
				GCC_WARN_ABOUT_RETURN_TYPE = YES;
				GCC_WARN_UNUSED_VARIABLE = YES;
				IPHONEOS_DEPLOYMENT_TARGET = 5.0;
				SDKROOT = iphoneos;
			};
			name = Debug;
		};
		38C9C17914874D7900300050 /* Release */ = {
			isa = XCBuildConfiguration;
			buildSettings = {
				ALWAYS_SEARCH_USER_PATHS = NO;
				ARCHS = "$(ARCHS_STANDARD_32_BIT)";
				CLANG_ENABLE_OBJC_ARC = YES;
				"CODE_SIGN_IDENTITY[sdk=iphoneos*]" = "iPhone Developer";
				COPY_PHASE_STRIP = YES;
				GCC_C_LANGUAGE_STANDARD = gnu99;
				GCC_VERSION = com.apple.compilers.llvm.clang.1_0;
				GCC_WARN_ABOUT_MISSING_PROTOTYPES = YES;
				GCC_WARN_ABOUT_RETURN_TYPE = YES;
				GCC_WARN_UNUSED_VARIABLE = YES;
				IPHONEOS_DEPLOYMENT_TARGET = 5.0;
				OTHER_CFLAGS = "-DNS_BLOCK_ASSERTIONS=1";
				SDKROOT = iphoneos;
				VALIDATE_PRODUCT = YES;
			};
			name = Release;
		};
		38C9C17B14874D7900300050 /* Debug */ = {
			isa = XCBuildConfiguration;
			buildSettings = {
				GCC_PRECOMPILE_PREFIX_HEADER = YES;
				GCC_PREFIX_HEADER = "recApp/recApp-Prefix.pch";
				INFOPLIST_FILE = "recApp/recApp-Info.plist";
				PRODUCT_NAME = "$(TARGET_NAME)";
				WRAPPER_EXTENSION = app;
			};
			name = Debug;
		};
		38C9C17C14874D7900300050 /* Release */ = {
			isa = XCBuildConfiguration;
			buildSettings = {
				GCC_PRECOMPILE_PREFIX_HEADER = YES;
				GCC_PREFIX_HEADER = "recApp/recApp-Prefix.pch";
				INFOPLIST_FILE = "recApp/recApp-Info.plist";
				PRODUCT_NAME = "$(TARGET_NAME)";
				WRAPPER_EXTENSION = app;
			};
			name = Release;
		};
		38C9C17E14874D7900300050 /* Debug */ = {
			isa = XCBuildConfiguration;
			buildSettings = {
				BUNDLE_LOADER = "$(BUILT_PRODUCTS_DIR)/recApp.app/recApp";
				FRAMEWORK_SEARCH_PATHS = (
					"$(SDKROOT)/Developer/Library/Frameworks",
					"$(DEVELOPER_LIBRARY_DIR)/Frameworks",
				);
				GCC_PRECOMPILE_PREFIX_HEADER = YES;
				GCC_PREFIX_HEADER = "recApp/recApp-Prefix.pch";
				INFOPLIST_FILE = "recAppTests/recAppTests-Info.plist";
				PRODUCT_NAME = "$(TARGET_NAME)";
				TEST_HOST = "$(BUNDLE_LOADER)";
				WRAPPER_EXTENSION = octest;
			};
			name = Debug;
		};
		38C9C17F14874D7900300050 /* Release */ = {
			isa = XCBuildConfiguration;
			buildSettings = {
				BUNDLE_LOADER = "$(BUILT_PRODUCTS_DIR)/recApp.app/recApp";
				FRAMEWORK_SEARCH_PATHS = (
					"$(SDKROOT)/Developer/Library/Frameworks",
					"$(DEVELOPER_LIBRARY_DIR)/Frameworks",
				);
				GCC_PRECOMPILE_PREFIX_HEADER = YES;
				GCC_PREFIX_HEADER = "recApp/recApp-Prefix.pch";
				INFOPLIST_FILE = "recAppTests/recAppTests-Info.plist";
				PRODUCT_NAME = "$(TARGET_NAME)";
				TEST_HOST = "$(BUNDLE_LOADER)";
				WRAPPER_EXTENSION = octest;
			};
			name = Release;
		};
/* End XCBuildConfiguration section */

/* Begin XCConfigurationList section */
		38C9C13614874D7900300050 /* Build configuration list for PBXProject "recApp" */ = {
			isa = XCConfigurationList;
			buildConfigurations = (
				38C9C17814874D7900300050 /* Debug */,
				38C9C17914874D7900300050 /* Release */,
			);
			defaultConfigurationIsVisible = 0;
			defaultConfigurationName = Release;
		};
		38C9C17A14874D7900300050 /* Build configuration list for PBXNativeTarget "recApp" */ = {
			isa = XCConfigurationList;
			buildConfigurations = (
				38C9C17B14874D7900300050 /* Debug */,
				38C9C17C14874D7900300050 /* Release */,
			);
			defaultConfigurationIsVisible = 0;
			defaultConfigurationName = Release;
		};
		38C9C17D14874D7900300050 /* Build configuration list for PBXNativeTarget "recAppTests" */ = {
			isa = XCConfigurationList;
			buildConfigurations = (
				38C9C17E14874D7900300050 /* Debug */,
				38C9C17F14874D7900300050 /* Release */,
			);
			defaultConfigurationIsVisible = 0;
			defaultConfigurationName = Release;
		};
/* End XCConfigurationList section */
	};
	rootObject = 38C9C13314874D7900300050 /* Project object */;
}
